
Microsoft Visual Studio Solution File, Format Version 12.00
# Visual Studio Version 16
VisualStudioVersion = 16.0.31613.86
MinimumVisualStudioVersion = 10.0.40219.1
Project("{2150E333-8FDC-42A3-9474-1A3956D46DE8}") = "src", "src", "{7312E422-8501-4A20-AE2B-E3B9400813FA}"
EndProject
Project("{2150E333-8FDC-42A3-9474-1A3956D46DE8}") = "test", "test", "{8E30340A-1313-41A2-8F5F-FBDF48077FD1}"
EndProject
Project("{FAE04EC0-301F-11D3-BF4B-00C04F79EFBC}") = "OperationResult", "src\OperationResult\OperationResult.csproj", "{D3ABA3D8-DA23-4A80-807D-EA268F3D8326}"
EndProject
Project("{FAE04EC0-301F-11D3-BF4B-00C04F79EFBC}") = "OperationResult.Test", "test\OperationResult.Test\OperationResult.Test.csproj", "{21D4F9A4-9A06-4FB1-B347-FA394F3288F6}"
EndProject
Global
	GlobalSection(SolutionConfigurationPlatforms) = preSolution
		Debug|Any CPU = Debug|Any CPU
		Release|Any CPU = Release|Any CPU
	EndGlobalSection
	GlobalSection(ProjectConfigurationPlatforms) = postSolution
		{D3ABA3D8-DA23-4A80-807D-EA268F3D8326}.Debug|Any CPU.ActiveCfg = Debug|Any CPU
		{D3ABA3D8-DA23-4A80-807D-EA268F3D8326}.Debug|Any CPU.Build.0 = Debug|Any CPU
		{D3ABA3D8-DA23-4A80-807D-EA268F3D8326}.Release|Any CPU.ActiveCfg = Release|Any CPU
		{D3ABA3D8-DA23-4A80-807D-EA268F3D8326}.Release|Any CPU.Build.0 = Release|Any CPU
		{21D4F9A4-9A06-4FB1-B347-FA394F3288F6}.Debug|Any CPU.ActiveCfg = Debug|Any CPU
		{21D4F9A4-9A06-4FB1-B347-FA394F3288F6}.Debug|Any CPU.Build.0 = Debug|Any CPU
		{21D4F9A4-9A06-4FB1-B347-FA394F3288F6}.Release|Any CPU.ActiveCfg = Release|Any CPU
		{21D4F9A4-9A06-4FB1-B347-FA394F3288F6}.Release|Any CPU.Build.0 = Release|Any CPU
	EndGlobalSection
	GlobalSection(SolutionProperties) = preSolution
		HideSolutionNode = FALSE
	EndGlobalSection
	GlobalSection(NestedProjects) = preSolution
		{D3ABA3D8-DA23-4A80-807D-EA268F3D8326} = {7312E422-8501-4A20-AE2B-E3B9400813FA}
		{21D4F9A4-9A06-4FB1-B347-FA394F3288F6} = {8E30340A-1313-41A2-8F5F-FBDF48077FD1}
	EndGlobalSection
	GlobalSection(ExtensibilityGlobals) = postSolution
		SolutionGuid = {26EF4314-1D64-4FF9-9DF9-35D78F05C4E9}
	EndGlobalSection
EndGlobal
